
Microsoft Visual Studio Solution File, Format Version 12.00
# Visual Studio Version 17
VisualStudioVersion = 17.11.35327.3
MinimumVisualStudioVersion = 10.0.40219.1
Project("{FAE04EC0-301F-11D3-BF4B-00C04F79EFBC}") = "docs", "TpT\docs.csproj", "{61AE5852-9A47-4856-B9C5-68A7E8FA7563}"
EndProject
Project("{2150E333-8FDC-42A3-9474-1A3956D46DE8}") = "Solution Items", "Solution Items", "{BDF745DF-35D2-42C6-B537-B787363EA341}"
	ProjectSection(SolutionItems) = preProject
		bootstrap-5.3.3-dist\js\bootstrap.bundle.js = bootstrap-5.3.3-dist\js\bootstrap.bundle.js
		bootstrap-5.3.3-dist\js\bootstrap.bundle.js.map = bootstrap-5.3.3-dist\js\bootstrap.bundle.js.map
		bootstrap-5.3.3-dist\js\bootstrap.bundle.min.js = bootstrap-5.3.3-dist\js\bootstrap.bundle.min.js
		bootstrap-5.3.3-dist\js\bootstrap.bundle.min.js.map = bootstrap-5.3.3-dist\js\bootstrap.bundle.min.js.map
		bootstrap-5.3.3-dist\js\bootstrap.esm.js = bootstrap-5.3.3-dist\js\bootstrap.esm.js
		bootstrap-5.3.3-dist\js\bootstrap.esm.js.map = bootstrap-5.3.3-dist\js\bootstrap.esm.js.map
		bootstrap-5.3.3-dist\js\bootstrap.esm.min.js = bootstrap-5.3.3-dist\js\bootstrap.esm.min.js
		bootstrap-5.3.3-dist\js\bootstrap.esm.min.js.map = bootstrap-5.3.3-dist\js\bootstrap.esm.min.js.map
		bootstrap-5.3.3-dist\js\bootstrap.js = bootstrap-5.3.3-dist\js\bootstrap.js
		bootstrap-5.3.3-dist\js\bootstrap.js.map = bootstrap-5.3.3-dist\js\bootstrap.js.map
		bootstrap-5.3.3-dist\js\bootstrap.min.js = bootstrap-5.3.3-dist\js\bootstrap.min.js
		bootstrap-5.3.3-dist\js\bootstrap.min.js.map = bootstrap-5.3.3-dist\js\bootstrap.min.js.map
	EndProjectSection
EndProject
Global
	GlobalSection(SolutionConfigurationPlatforms) = preSolution
		Debug|Any CPU = Debug|Any CPU
		Release|Any CPU = Release|Any CPU
	EndGlobalSection
	GlobalSection(ProjectConfigurationPlatforms) = postSolution
		{61AE5852-9A47-4856-B9C5-68A7E8FA7563}.Debug|Any CPU.ActiveCfg = Debug|Any CPU
		{61AE5852-9A47-4856-B9C5-68A7E8FA7563}.Debug|Any CPU.Build.0 = Debug|Any CPU
		{61AE5852-9A47-4856-B9C5-68A7E8FA7563}.Release|Any CPU.ActiveCfg = Release|Any CPU
		{61AE5852-9A47-4856-B9C5-68A7E8FA7563}.Release|Any CPU.Build.0 = Release|Any CPU
	EndGlobalSection
	GlobalSection(SolutionProperties) = preSolution
		HideSolutionNode = FALSE
	EndGlobalSection
	GlobalSection(ExtensibilityGlobals) = postSolution
		SolutionGuid = {8090C655-F026-497F-962C-BFE1E519C3E7}
	EndGlobalSection
EndGlobal
